
Microsoft Visual Studio Solution File, Format Version 12.00
# Visual Studio Version 16
VisualStudioVersion = 16.0.31105.61
MinimumVisualStudioVersion = 10.0.40219.1
Project("{FAE04EC0-301F-11D3-BF4B-00C04F79EFBC}") = "Webview2CrashTest", "Webview2CrashTest\Webview2CrashTest.csproj", "{40512A1A-C424-4C5C-9859-96931CC76E5D}"
EndProject
Global
	GlobalSection(SolutionConfigurationPlatforms) = preSolution
		Debug|Any CPU = Debug|Any CPU
		Release|Any CPU = Release|Any CPU
	EndGlobalSection
	GlobalSection(ProjectConfigurationPlatforms) = postSolution
		{40512A1A-C424-4C5C-9859-96931CC76E5D}.Debug|Any CPU.ActiveCfg = Debug|Any CPU
		{40512A1A-C424-4C5C-9859-96931CC76E5D}.Debug|Any CPU.Build.0 = Debug|Any CPU
		{40512A1A-C424-4C5C-9859-96931CC76E5D}.Release|Any CPU.ActiveCfg = Release|Any CPU
		{40512A1A-C424-4C5C-9859-96931CC76E5D}.Release|Any CPU.Build.0 = Release|Any CPU
	EndGlobalSection
	GlobalSection(SolutionProperties) = preSolution
		HideSolutionNode = FALSE
	EndGlobalSection
	GlobalSection(ExtensibilityGlobals) = postSolution
		SolutionGuid = {5A9A4E12-1336-4BAA-AE29-F12961960D42}
	EndGlobalSection
EndGlobal
